{
  "name": "cxwy",
  "version": "1.0.0",
  "lockfileVersion": 2,
  "requires": true,
  "packages": {
    "": {
      "version": "1.0.0",
      "license": "ISC",
      "dependencies": {
        "@vant/weapp": "^1.8.0"
      }
    },
    "node_modules/@vant/weapp": {
      "version": "1.8.0",
      "resolved": "https://registry.npmjs.org/@vant/weapp/-/weapp-1.8.0.tgz",
      "integrity": "sha512-/cHkZpRvzTwZvXNY4AELHdq7kYg30naytMuBUaaoUTZxmFR+W55uKpc4VfPqmG9c5MCIdKfkau4Ftr7FD3AaaA=="
    }
  },
  "dependencies": {
    "@vant/weapp": {
      "version": "1.8.0",
      "resolved": "https://registry.npmjs.org/@vant/weapp/-/weapp-1.8.0.tgz",
      "integrity": "sha512-/cHkZpRvzTwZvXNY4AELHdq7kYg30naytMuBUaaoUTZxmFR+W55uKpc4VfPqmG9c5MCIdKfkau4Ftr7FD3AaaA=="
    }
  }
}
